// !$*UTF8*$!
{
	archiveVersion = 1;
	classes = {
	};
	objectVersion = 50;
	objects = {

/* Begin PBXBuildFile section */
		6ED10193239AE6430091947B /* HtmlDsl.framework in Frameworks */ = {isa = PBXBuildFile; fileRef = 6ED10189239AE6430091947B /* HtmlDsl.framework */; };
		6ED10198239AE6430091947B /* HtmlDslTests.swift in Sources */ = {isa = PBXBuildFile; fileRef = 6ED10197239AE6430091947B /* HtmlDslTests.swift */; };
		6ED1019A239AE6430091947B /* HtmlDsl.h in Headers */ = {isa = PBXBuildFile; fileRef = 6ED1018C239AE6430091947B /* HtmlDsl.h */; settings = {ATTRIBUTES = (Public, ); }; };
		6ED101A4239AE6530091947B /* Html.swift in Sources */ = {isa = PBXBuildFile; fileRef = 6ED101A3239AE6530091947B /* Html.swift */; };
/* End PBXBuildFile section */

/* Begin PBXContainerItemProxy section */
		6ED10194239AE6430091947B /* PBXContainerItemProxy */ = {
			isa = PBXContainerItemProxy;
			containerPortal = 6ED10180239AE6430091947B /* Project object */;
			proxyType = 1;
			remoteGlobalIDString = 6ED10188239AE6430091947B;
			remoteInfo = HtmlDsl;
		};
/* End PBXContainerItemProxy section */

/* Begin PBXFileReference section */
		6ED10189239AE6430091947B /* HtmlDsl.framework */ = {isa = PBXFileReference; explicitFileType = wrapper.framework; includeInIndex = 0; path = HtmlDsl.framework; sourceTree = BUILT_PRODUCTS_DIR; };
		6ED1018C239AE6430091947B /* HtmlDsl.h */ = {isa = PBXFileReference; lastKnownFileType = sourcecode.c.h; path = HtmlDsl.h; sourceTree = "<group>"; };
		6ED1018D239AE6430091947B /* Info.plist */ = {isa = PBXFileReference; lastKnownFileType = text.plist.xml; path = Info.plist; sourceTree = "<group>"; };
		6ED10192239AE6430091947B /* HtmlDslTests.xctest */ = {isa = PBXFileReference; explicitFileType = wrapper.cfbundle; includeInIndex = 0; path = HtmlDslTests.xctest; sourceTree = BUILT_PRODUCTS_DIR; };
		6ED10197239AE6430091947B /* HtmlDslTests.swift */ = {isa = PBXFileReference; lastKnownFileType = sourcecode.swift; path = HtmlDslTests.swift; sourceTree = "<group>"; };
		6ED10199239AE6430091947B /* Info.plist */ = {isa = PBXFileReference; lastKnownFileType = text.plist.xml; path = Info.plist; sourceTree = "<group>"; };
		6ED101A3239AE6530091947B /* Html.swift */ = {isa = PBXFileReference; lastKnownFileType = sourcecode.swift; path = Html.swift; sourceTree = "<group>"; };
/* End PBXFileReference section */

/* Begin PBXFrameworksBuildPhase section */
		6ED10186239AE6430091947B /* Frameworks */ = {
			isa = PBXFrameworksBuildPhase;
			buildActionMask = 2147483647;
			files = (
			);
			runOnlyForDeploymentPostprocessing = 0;
		};
		6ED1018F239AE6430091947B /* Frameworks */ = {
			isa = PBXFrameworksBuildPhase;
			buildActionMask = 2147483647;
			files = (
				6ED10193239AE6430091947B /* HtmlDsl.framework in Frameworks */,
			);
			runOnlyForDeploymentPostprocessing = 0;
		};
/* End PBXFrameworksBuildPhase section */

/* Begin PBXGroup section */
		6ED1017F239AE6430091947B = {
			isa = PBXGroup;
			children = (
				6ED1018B239AE6430091947B /* HtmlDsl */,
				6ED10196239AE6430091947B /* HtmlDslTests */,
				6ED1018A239AE6430091947B /* Products */,
			);
			sourceTree = "<group>";
		};
		6ED1018A239AE6430091947B /* Products */ = {
			isa = PBXGroup;
			children = (
				6ED10189239AE6430091947B /* HtmlDsl.framework */,
				6ED10192239AE6430091947B /* HtmlDslTests.xctest */,
			);
			name = Products;
			sourceTree = "<group>";
		};
		6ED1018B239AE6430091947B /* HtmlDsl */ = {
			isa = PBXGroup;
			children = (
				6ED1018C239AE6430091947B /* HtmlDsl.h */,
				6ED1018D239AE6430091947B /* Info.plist */,
				6ED101A3239AE6530091947B /* Html.swift */,
			);
			path = HtmlDsl;
			sourceTree = "<group>";
		};
		6ED10196239AE6430091947B /* HtmlDslTests */ = {
			isa = PBXGroup;
			children = (
				6ED10197239AE6430091947B /* HtmlDslTests.swift */,
				6ED10199239AE6430091947B /* Info.plist */,
			);
			path = HtmlDslTests;
			sourceTree = "<group>";
		};
/* End PBXGroup section */

/* Begin PBXHeadersBuildPhase section */
		6ED10184239AE6430091947B /* Headers */ = {
			isa = PBXHeadersBuildPhase;
			buildActionMask = 2147483647;
			files = (
				6ED1019A239AE6430091947B /* HtmlDsl.h in Headers */,
			);
			runOnlyForDeploymentPostprocessing = 0;
		};
/* End PBXHeadersBuildPhase section */

/* Begin PBXNativeTarget section */
		6ED10188239AE6430091947B /* HtmlDsl */ = {
			isa = PBXNativeTarget;
			buildConfigurationList = 6ED1019D239AE6430091947B /* Build configuration list for PBXNativeTarget "HtmlDsl" */;
			buildPhases = (
				6ED10184239AE6430091947B /* Headers */,
				6ED10185239AE6430091947B /* Sources */,
				6ED10186239AE6430091947B /* Frameworks */,
				6ED10187239AE6430091947B /* Resources */,
			);
			buildRules = (
			);
			dependencies = (
			);
			name = HtmlDsl;
			productName = HtmlDsl;
			productReference = 6ED10189239AE6430091947B /* HtmlDsl.framework */;
			productType = "com.apple.product-type.framework";
		};
		6ED10191239AE6430091947B /* HtmlDslTests */ = {
			isa = PBXNativeTarget;
			buildConfigurationList = 6ED101A0239AE6430091947B /* Build configuration list for PBXNativeTarget "HtmlDslTests" */;
			buildPhases = (
				6ED1018E239AE6430091947B /* Sources */,
				6ED1018F239AE6430091947B /* Frameworks */,
				6ED10190239AE6430091947B /* Resources */,
			);
			buildRules = (
			);
			dependencies = (
				6ED10195239AE6430091947B /* PBXTargetDependency */,
			);
			name = HtmlDslTests;
			productName = HtmlDslTests;
			productReference = 6ED10192239AE6430091947B /* HtmlDslTests.xctest */;
			productType = "com.apple.product-type.bundle.unit-test";
		};
/* End PBXNativeTarget section */

/* Begin PBXProject section */
		6ED10180239AE6430091947B /* Project object */ = {
			isa = PBXProject;
			attributes = {
				LastSwiftUpdateCheck = 1120;
				LastUpgradeCheck = 1120;
				ORGANIZATIONNAME = "Anton Efimenko";
				TargetAttributes = {
					6ED10188239AE6430091947B = {
						CreatedOnToolsVersion = 11.2.1;
						LastSwiftMigration = 1120;
					};
					6ED10191239AE6430091947B = {
						CreatedOnToolsVersion = 11.2.1;
					};
				};
			};
			buildConfigurationList = 6ED10183239AE6430091947B /* Build configuration list for PBXProject "HtmlDsl" */;
			compatibilityVersion = "Xcode 9.3";
			developmentRegion = en;
			hasScannedForEncodings = 0;
			knownRegions = (
				en,
				Base,
			);
			mainGroup = 6ED1017F239AE6430091947B;
			productRefGroup = 6ED1018A239AE6430091947B /* Products */;
			projectDirPath = "";
			projectRoot = "";
			targets = (
				6ED10188239AE6430091947B /* HtmlDsl */,
				6ED10191239AE6430091947B /* HtmlDslTests */,
			);
		};
/* End PBXProject section */

/* Begin PBXResourcesBuildPhase section */
		6ED10187239AE6430091947B /* Resources */ = {
			isa = PBXResourcesBuildPhase;
			buildActionMask = 2147483647;
			files = (
			);
			runOnlyForDeploymentPostprocessing = 0;
		};
		6ED10190239AE6430091947B /* Resources */ = {
			isa = PBXResourcesBuildPhase;
			buildActionMask = 2147483647;
			files = (
			);
			runOnlyForDeploymentPostprocessing = 0;
		};
/* End PBXResourcesBuildPhase section */

/* Begin PBXSourcesBuildPhase section */
		6ED10185239AE6430091947B /* Sources */ = {
			isa = PBXSourcesBuildPhase;
			buildActionMask = 2147483647;
			files = (
				6ED101A4239AE6530091947B /* Html.swift in Sources */,
			);
			runOnlyForDeploymentPostprocessing = 0;
		};
		6ED1018E239AE6430091947B /* Sources */ = {
			isa = PBXSourcesBuildPhase;
			buildActionMask = 2147483647;
			files = (
				6ED10198239AE6430091947B /* HtmlDslTests.swift in Sources */,
			);
			runOnlyForDeploymentPostprocessing = 0;
		};
/* End PBXSourcesBuildPhase section */

/* Begin PBXTargetDependency section */
		6ED10195239AE6430091947B /* PBXTargetDependency */ = {
			isa = PBXTargetDependency;
			target = 6ED10188239AE6430091947B /* HtmlDsl */;
			targetProxy = 6ED10194239AE6430091947B /* PBXContainerItemProxy */;
		};
/* End PBXTargetDependency section */

/* Begin XCBuildConfiguration section */
		6ED1019B239AE6430091947B /* Debug */ = {
			isa = XCBuildConfiguration;
			buildSettings = {
				ALWAYS_SEARCH_USER_PATHS = NO;
				CLANG_ANALYZER_NONNULL = YES;
				CLANG_ANALYZER_NUMBER_OBJECT_CONVERSION = YES_AGGRESSIVE;
				CLANG_CXX_LANGUAGE_STANDARD = "gnu++14";
				CLANG_CXX_LIBRARY = "libc++";
				CLANG_ENABLE_MODULES = YES;
				CLANG_ENABLE_OBJC_ARC = YES;
				CLANG_ENABLE_OBJC_WEAK = YES;
				CLANG_WARN_BLOCK_CAPTURE_AUTORELEASING = YES;
				CLANG_WARN_BOOL_CONVERSION = YES;
				CLANG_WARN_COMMA = YES;
				CLANG_WARN_CONSTANT_CONVERSION = YES;
				CLANG_WARN_DEPRECATED_OBJC_IMPLEMENTATIONS = YES;
				CLANG_WARN_DIRECT_OBJC_ISA_USAGE = YES_ERROR;
				CLANG_WARN_DOCUMENTATION_COMMENTS = YES;
				CLANG_WARN_EMPTY_BODY = YES;
				CLANG_WARN_ENUM_CONVERSION = YES;
				CLANG_WARN_INFINITE_RECURSION = YES;
				CLANG_WARN_INT_CONVERSION = YES;
				CLANG_WARN_NON_LITERAL_NULL_CONVERSION = YES;
				CLANG_WARN_OBJC_IMPLICIT_RETAIN_SELF = YES;
				CLANG_WARN_OBJC_LITERAL_CONVERSION = YES;
				CLANG_WARN_OBJC_ROOT_CLASS = YES_ERROR;
				CLANG_WARN_RANGE_LOOP_ANALYSIS = YES;
				CLANG_WARN_STRICT_PROTOTYPES = YES;
				CLANG_WARN_SUSPICIOUS_MOVE = YES;
				CLANG_WARN_UNGUARDED_AVAILABILITY = YES_AGGRESSIVE;
				CLANG_WARN_UNREACHABLE_CODE = YES;
				CLANG_WARN__DUPLICATE_METHOD_MATCH = YES;
				COPY_PHASE_STRIP = NO;
				CURRENT_PROJECT_VERSION = 1;
				DEBUG_INFORMATION_FORMAT = dwarf;
				ENABLE_STRICT_OBJC_MSGSEND = YES;
				ENABLE_TESTABILITY = YES;
				GCC_C_LANGUAGE_STANDARD = gnu11;
				GCC_DYNAMIC_NO_PIC = NO;
				GCC_NO_COMMON_BLOCKS = YES;
				GCC_OPTIMIZATION_LEVEL = 0;
				GCC_PREPROCESSOR_DEFINITIONS = (
					"DEBUG=1",
					"$(inherited)",
				);
				GCC_WARN_64_TO_32_BIT_CONVERSION = YES;
				GCC_WARN_ABOUT_RETURN_TYPE = YES_ERROR;
				GCC_WARN_UNDECLARED_SELECTOR = YES;
				GCC_WARN_UNINITIALIZED_AUTOS = YES_AGGRESSIVE;
				GCC_WARN_UNUSED_FUNCTION = YES;
				GCC_WARN_UNUSED_VARIABLE = YES;
				IPHONEOS_DEPLOYMENT_TARGET = 13.2;
				MTL_ENABLE_DEBUG_INFO = INCLUDE_SOURCE;
				MTL_FAST_MATH = YES;
				ONLY_ACTIVE_ARCH = YES;
				SDKROOT = iphoneos;
				SWIFT_ACTIVE_COMPILATION_CONDITIONS = DEBUG;
				SWIFT_OPTIMIZATION_LEVEL = "-Onone";
				VERSIONING_SYSTEM = "apple-generic";
				VERSION_INFO_PREFIX = "";
			};
			name = Debug;
		};
		6ED1019C239AE6430091947B /* Release */ = {
			isa = XCBuildConfiguration;
			buildSettings = {
				ALWAYS_SEARCH_USER_PATHS = NO;
				CLANG_ANALYZER_NONNULL = YES;
				CLANG_ANALYZER_NUMBER_OBJECT_CONVERSION = YES_AGGRESSIVE;
				CLANG_CXX_LANGUAGE_STANDARD = "gnu++14";
				CLANG_CXX_LIBRARY = "libc++";
				CLANG_ENABLE_MODULES = YES;
				CLANG_ENABLE_OBJC_ARC = YES;
				CLANG_ENABLE_OBJC_WEAK = YES;
				CLANG_WARN_BLOCK_CAPTURE_AUTORELEASING = YES;
				CLANG_WARN_BOOL_CONVERSION = YES;
				CLANG_WARN_COMMA = YES;
				CLANG_WARN_CONSTANT_CONVERSION = YES;
				CLANG_WARN_DEPRECATED_OBJC_IMPLEMENTATIONS = YES;
				CLANG_WARN_DIRECT_OBJC_ISA_USAGE = YES_ERROR;
				CLANG_WARN_DOCUMENTATION_COMMENTS = YES;
				CLANG_WARN_EMPTY_BODY = YES;
				CLANG_WARN_ENUM_CONVERSION = YES;
				CLANG_WARN_INFINITE_RECURSION = YES;
				CLANG_WARN_INT_CONVERSION = YES;
				CLANG_WARN_NON_LITERAL_NULL_CONVERSION = YES;
				CLANG_WARN_OBJC_IMPLICIT_RETAIN_SELF = YES;
				CLANG_WARN_OBJC_LITERAL_CONVERSION = YES;
				CLANG_WARN_OBJC_ROOT_CLASS = YES_ERROR;
				CLANG_WARN_RANGE_LOOP_ANALYSIS = YES;
				CLANG_WARN_STRICT_PROTOTYPES = YES;
				CLANG_WARN_SUSPICIOUS_MOVE = YES;
				CLANG_WARN_UNGUARDED_AVAILABILITY = YES_AGGRESSIVE;
				CLANG_WARN_UNREACHABLE_CODE = YES;
				CLANG_WARN__DUPLICATE_METHOD_MATCH = YES;
				COPY_PHASE_STRIP = NO;
				CURRENT_PROJECT_VERSION = 1;
				DEBUG_INFORMATION_FORMAT = "dwarf-with-dsym";
				ENABLE_NS_ASSERTIONS = NO;
				ENABLE_STRICT_OBJC_MSGSEND = YES;
				GCC_C_LANGUAGE_STANDARD = gnu11;
				GCC_NO_COMMON_BLOCKS = YES;
				GCC_WARN_64_TO_32_BIT_CONVERSION = YES;
				GCC_WARN_ABOUT_RETURN_TYPE = YES_ERROR;
				GCC_WARN_UNDECLARED_SELECTOR = YES;
				GCC_WARN_UNINITIALIZED_AUTOS = YES_AGGRESSIVE;
				GCC_WARN_UNUSED_FUNCTION = YES;
				GCC_WARN_UNUSED_VARIABLE = YES;
				IPHONEOS_DEPLOYMENT_TARGET = 13.2;
				MTL_ENABLE_DEBUG_INFO = NO;
				MTL_FAST_MATH = YES;
				SDKROOT = iphoneos;
				SWIFT_COMPILATION_MODE = wholemodule;
				SWIFT_OPTIMIZATION_LEVEL = "-O";
				VALIDATE_PRODUCT = YES;
				VERSIONING_SYSTEM = "apple-generic";
				VERSION_INFO_PREFIX = "";
			};
			name = Release;
		};
		6ED1019E239AE6430091947B /* Debug */ = {
			isa = XCBuildConfiguration;
			buildSettings = {
				CLANG_ENABLE_MODULES = YES;
				CODE_SIGN_STYLE = Automatic;
				DEFINES_MODULE = YES;
				DEVELOPMENT_TEAM = SJMSRXG797;
				DYLIB_COMPATIBILITY_VERSION = 1;
				DYLIB_CURRENT_VERSION = 1;
				DYLIB_INSTALL_NAME_BASE = "@rpath";
				INFOPLIST_FILE = HtmlDsl/Info.plist;
				INSTALL_PATH = "$(LOCAL_LIBRARY_DIR)/Frameworks";
				LD_RUNPATH_SEARCH_PATHS = (
					"$(inherited)",
					"@executable_path/Frameworks",
					"@loader_path/Frameworks",
				);
				PRODUCT_BUNDLE_IDENTIFIER = com.antonefimenko.HtmlDsl;
				PRODUCT_NAME = "$(TARGET_NAME:c99extidentifier)";
				SKIP_INSTALL = YES;
				SWIFT_OPTIMIZATION_LEVEL = "-Onone";
				SWIFT_VERSION = 5.0;
				TARGETED_DEVICE_FAMILY = "1,2";
			};
			name = Debug;
		};
		6ED1019F239AE6430091947B /* Release */ = {
			isa = XCBuildConfiguration;
			buildSettings = {
				CLANG_ENABLE_MODULES = YES;
				CODE_SIGN_STYLE = Automatic;
				DEFINES_MODULE = YES;
				DEVELOPMENT_TEAM = SJMSRXG797;
				DYLIB_COMPATIBILITY_VERSION = 1;
				DYLIB_CURRENT_VERSION = 1;
				DYLIB_INSTALL_NAME_BASE = "@rpath";
				INFOPLIST_FILE = HtmlDsl/Info.plist;
				INSTALL_PATH = "$(LOCAL_LIBRARY_DIR)/Frameworks";
				LD_RUNPATH_SEARCH_PATHS = (
					"$(inherited)",
					"@executable_path/Frameworks",
					"@loader_path/Frameworks",
				);
				PRODUCT_BUNDLE_IDENTIFIER = com.antonefimenko.HtmlDsl;
				PRODUCT_NAME = "$(TARGET_NAME:c99extidentifier)";
				SKIP_INSTALL = YES;
				SWIFT_VERSION = 5.0;
				TARGETED_DEVICE_FAMILY = "1,2";
			};
			name = Release;
		};
		6ED101A1239AE6430091947B /* Debug */ = {
			isa = XCBuildConfiguration;
			buildSettings = {
				ALWAYS_EMBED_SWIFT_STANDARD_LIBRARIES = YES;
				CODE_SIGN_STYLE = Automatic;
				DEVELOPMENT_TEAM = SJMSRXG797;
				INFOPLIST_FILE = HtmlDslTests/Info.plist;
				LD_RUNPATH_SEARCH_PATHS = (
					"$(inherited)",
					"@executable_path/Frameworks",
					"@loader_path/Frameworks",
				);
				PRODUCT_BUNDLE_IDENTIFIER = com.antonefimenko.HtmlDslTests;
				PRODUCT_NAME = "$(TARGET_NAME)";
				SWIFT_VERSION = 5.0;
				TARGETED_DEVICE_FAMILY = "1,2";
			};
			name = Debug;
		};
		6ED101A2239AE6430091947B /* Release */ = {
			isa = XCBuildConfiguration;
			buildSettings = {
				ALWAYS_EMBED_SWIFT_STANDARD_LIBRARIES = YES;
				CODE_SIGN_STYLE = Automatic;
				DEVELOPMENT_TEAM = SJMSRXG797;
				INFOPLIST_FILE = HtmlDslTests/Info.plist;
				LD_RUNPATH_SEARCH_PATHS = (
					"$(inherited)",
					"@executable_path/Frameworks",
					"@loader_path/Frameworks",
				);
				PRODUCT_BUNDLE_IDENTIFIER = com.antonefimenko.HtmlDslTests;
				PRODUCT_NAME = "$(TARGET_NAME)";
				SWIFT_VERSION = 5.0;
				TARGETED_DEVICE_FAMILY = "1,2";
			};
			name = Release;
		};
/* End XCBuildConfiguration section */

/* Begin XCConfigurationList section */
		6ED10183239AE6430091947B /* Build configuration list for PBXProject "HtmlDsl" */ = {
			isa = XCConfigurationList;
			buildConfigurations = (
				6ED1019B239AE6430091947B /* Debug */,
				6ED1019C239AE6430091947B /* Release */,
			);
			defaultConfigurationIsVisible = 0;
			defaultConfigurationName = Release;
		};
		6ED1019D239AE6430091947B /* Build configuration list for PBXNativeTarget "HtmlDsl" */ = {
			isa = XCConfigurationList;
			buildConfigurations = (
				6ED1019E239AE6430091947B /* Debug */,
				6ED1019F239AE6430091947B /* Release */,
			);
			defaultConfigurationIsVisible = 0;
			defaultConfigurationName = Release;
		};
		6ED101A0239AE6430091947B /* Build configuration list for PBXNativeTarget "HtmlDslTests" */ = {
			isa = XCConfigurationList;
			buildConfigurations = (
				6ED101A1239AE6430091947B /* Debug */,
				6ED101A2239AE6430091947B /* Release */,
			);
			defaultConfigurationIsVisible = 0;
			defaultConfigurationName = Release;
		};
/* End XCConfigurationList section */
	};
	rootObject = 6ED10180239AE6430091947B /* Project object */;
}
